{
  "name": "vue-browserupdate",
  "version": "1.0.1",
  "lockfileVersion": 1,
  "requires": true,
  "dependencies": {
    "browser-update": {
      "version": "2.1.4",
      "resolved": "https://registry.npmjs.org/browser-update/-/browser-update-2.1.4.tgz",
      "integrity": "sha1-Mcf8cuDAMfvn60E5s91s8f86v4c="
    },
  }
}
